// !$*UTF8*$!
{
	archiveVersion = 1;
	classes = {
	};
	objectVersion = 46;
	objects = {

/* Begin PBXBuildFile section */
		EE325CA11D4F4B7D00D43077 /* AppDelegate.swift in Sources */ = {isa = PBXBuildFile; fileRef = EE325CA01D4F4B7D00D43077 /* AppDelegate.swift */; };
		EE325CA31D4F4B7D00D43077 /* ViewController.swift in Sources */ = {isa = PBXBuildFile; fileRef = EE325CA21D4F4B7D00D43077 /* ViewController.swift */; };
		EE325CA61D4F4B7D00D43077 /* Main.storyboard in Resources */ = {isa = PBXBuildFile; fileRef = EE325CA41D4F4B7D00D43077 /* Main.storyboard */; };
		EE325CA81D4F4B7D00D43077 /* Assets.xcassets in Resources */ = {isa = PBXBuildFile; fileRef = EE325CA71D4F4B7D00D43077 /* Assets.xcassets */; };
		EE325CAB1D4F4B7D00D43077 /* LaunchScreen.storyboard in Resources */ = {isa = PBXBuildFile; fileRef = EE325CA91D4F4B7D00D43077 /* LaunchScreen.storyboard */; };
/* End PBXBuildFile section */

/* Begin PBXFileReference section */
		EE325C9D1D4F4B7D00D43077 /* saveTheKittens.app */ = {isa = PBXFileReference; explicitFileType = wrapper.application; includeInIndex = 0; path = saveTheKittens.app; sourceTree = BUILT_PRODUCTS_DIR; };
		EE325CA01D4F4B7D00D43077 /* AppDelegate.swift */ = {isa = PBXFileReference; lastKnownFileType = sourcecode.swift; path = AppDelegate.swift; sourceTree = "<group>"; };
		EE325CA21D4F4B7D00D43077 /* ViewController.swift */ = {isa = PBXFileReference; lastKnownFileType = sourcecode.swift; path = ViewController.swift; sourceTree = "<group>"; };
		EE325CA51D4F4B7D00D43077 /* Base */ = {isa = PBXFileReference; lastKnownFileType = file.storyboard; name = Base; path = Base.lproj/Main.storyboard; sourceTree = "<group>"; };
		EE325CA71D4F4B7D00D43077 /* Assets.xcassets */ = {isa = PBXFileReference; lastKnownFileType = folder.assetcatalog; path = Assets.xcassets; sourceTree = "<group>"; };
		EE325CAA1D4F4B7D00D43077 /* Base */ = {isa = PBXFileReference; lastKnownFileType = file.storyboard; name = Base; path = Base.lproj/LaunchScreen.storyboard; sourceTree = "<group>"; };
		EE325CAC1D4F4B7D00D43077 /* Info.plist */ = {isa = PBXFileReference; lastKnownFileType = text.plist.xml; path = Info.plist; sourceTree = "<group>"; };
/* End PBXFileReference section */

/* Begin PBXFrameworksBuildPhase section */
		EE325C9A1D4F4B7D00D43077 /* Frameworks */ = {
			isa = PBXFrameworksBuildPhase;
			buildActionMask = 2147483647;
			files = (
			);
			runOnlyForDeploymentPostprocessing = 0;
		};
/* End PBXFrameworksBuildPhase section */

/* Begin PBXGroup section */
		EE325C941D4F4B7D00D43077 = {
			isa = PBXGroup;
			children = (
				EE325C9F1D4F4B7D00D43077 /* saveTheKittens */,
				EE325C9E1D4F4B7D00D43077 /* Products */,
			);
			sourceTree = "<group>";
		};
		EE325C9E1D4F4B7D00D43077 /* Products */ = {
			isa = PBXGroup;
			children = (
				EE325C9D1D4F4B7D00D43077 /* saveTheKittens.app */,
			);
			name = Products;
			sourceTree = "<group>";
		};
		EE325C9F1D4F4B7D00D43077 /* saveTheKittens */ = {
			isa = PBXGroup;
			children = (
				EE325CA01D4F4B7D00D43077 /* AppDelegate.swift */,
				EE325CA21D4F4B7D00D43077 /* ViewController.swift */,
				EE325CA41D4F4B7D00D43077 /* Main.storyboard */,
				EE325CA71D4F4B7D00D43077 /* Assets.xcassets */,
				EE325CA91D4F4B7D00D43077 /* LaunchScreen.storyboard */,
				EE325CAC1D4F4B7D00D43077 /* Info.plist */,
			);
			path = saveTheKittens;
			sourceTree = "<group>";
		};
/* End PBXGroup section */

/* Begin PBXNativeTarget section */
		EE325C9C1D4F4B7D00D43077 /* saveTheKittens */ = {
			isa = PBXNativeTarget;
			buildConfigurationList = EE325CAF1D4F4B7D00D43077 /* Build configuration list for PBXNativeTarget "saveTheKittens" */;
			buildPhases = (
				EE325C991D4F4B7D00D43077 /* Sources */,
				EE325C9A1D4F4B7D00D43077 /* Frameworks */,
				EE325C9B1D4F4B7D00D43077 /* Resources */,
			);
			buildRules = (
			);
			dependencies = (
			);
			name = saveTheKittens;
			productName = saveTheKittens;
			productReference = EE325C9D1D4F4B7D00D43077 /* saveTheKittens.app */;
			productType = "com.apple.product-type.application";
		};
/* End PBXNativeTarget section */

/* Begin PBXProject section */
		EE325C951D4F4B7D00D43077 /* Project object */ = {
			isa = PBXProject;
			attributes = {
				LastSwiftUpdateCheck = 0800;
				LastUpgradeCheck = 0800;
				ORGANIZATIONNAME = "Jason Higgs";
				TargetAttributes = {
					EE325C9C1D4F4B7D00D43077 = {
						CreatedOnToolsVersion = 8.0;
						ProvisioningStyle = Automatic;
					};
				};
			};
			buildConfigurationList = EE325C981D4F4B7D00D43077 /* Build configuration list for PBXProject "saveTheKittens" */;
			compatibilityVersion = "Xcode 3.2";
			developmentRegion = English;
			hasScannedForEncodings = 0;
			knownRegions = (
				en,
				Base,
			);
			mainGroup = EE325C941D4F4B7D00D43077;
			productRefGroup = EE325C9E1D4F4B7D00D43077 /* Products */;
			projectDirPath = "";
			projectRoot = "";
			targets = (
				EE325C9C1D4F4B7D00D43077 /* saveTheKittens */,
			);
		};
/* End PBXProject section */

/* Begin PBXResourcesBuildPhase section */
		EE325C9B1D4F4B7D00D43077 /* Resources */ = {
			isa = PBXResourcesBuildPhase;
			buildActionMask = 2147483647;
			files = (
				EE325CAB1D4F4B7D00D43077 /* LaunchScreen.storyboard in Resources */,
				EE325CA81D4F4B7D00D43077 /* Assets.xcassets in Resources */,
				EE325CA61D4F4B7D00D43077 /* Main.storyboard in Resources */,
			);
			runOnlyForDeploymentPostprocessing = 0;
		};
/* End PBXResourcesBuildPhase section */

/* Begin PBXSourcesBuildPhase section */
		EE325C991D4F4B7D00D43077 /* Sources */ = {
			isa = PBXSourcesBuildPhase;
			buildActionMask = 2147483647;
			files = (
				EE325CA31D4F4B7D00D43077 /* ViewController.swift in Sources */,
				EE325CA11D4F4B7D00D43077 /* AppDelegate.swift in Sources */,
			);
			runOnlyForDeploymentPostprocessing = 0;
		};
/* End PBXSourcesBuildPhase section */

/* Begin PBXVariantGroup section */
		EE325CA41D4F4B7D00D43077 /* Main.storyboard */ = {
			isa = PBXVariantGroup;
			children = (
				EE325CA51D4F4B7D00D43077 /* Base */,
			);
			name = Main.storyboard;
			sourceTree = "<group>";
		};
		EE325CA91D4F4B7D00D43077 /* LaunchScreen.storyboard */ = {
			isa = PBXVariantGroup;
			children = (
				EE325CAA1D4F4B7D00D43077 /* Base */,
			);
			name = LaunchScreen.storyboard;
			sourceTree = "<group>";
		};
/* End PBXVariantGroup section */

/* Begin XCBuildConfiguration section */
		EE325CAD1D4F4B7D00D43077 /* Debug */ = {
			isa = XCBuildConfiguration;
			buildSettings = {
				ALWAYS_SEARCH_USER_PATHS = NO;
				CLANG_ANALYZER_NONNULL = YES;
				CLANG_CXX_LANGUAGE_STANDARD = "gnu++0x";
				CLANG_CXX_LIBRARY = "libc++";
				CLANG_ENABLE_MODULES = YES;
				CLANG_ENABLE_OBJC_ARC = YES;
				CLANG_WARN_BOOL_CONVERSION = YES;
				CLANG_WARN_CONSTANT_CONVERSION = YES;
				CLANG_WARN_DIRECT_OBJC_ISA_USAGE = YES_ERROR;
				CLANG_WARN_DOCUMENTATION_COMMENTS = YES;
				CLANG_WARN_EMPTY_BODY = YES;
				CLANG_WARN_ENUM_CONVERSION = YES;
				CLANG_WARN_INT_CONVERSION = YES;
				CLANG_WARN_OBJC_ROOT_CLASS = YES_ERROR;
				CLANG_WARN_UNREACHABLE_CODE = YES;
				CLANG_WARN__DUPLICATE_METHOD_MATCH = YES;
				"CODE_SIGN_IDENTITY[sdk=iphoneos*]" = "iPhone Developer";
				COPY_PHASE_STRIP = NO;
				DEBUG_INFORMATION_FORMAT = dwarf;
				ENABLE_STRICT_OBJC_MSGSEND = YES;
				ENABLE_TESTABILITY = YES;
				GCC_C_LANGUAGE_STANDARD = gnu99;
				GCC_DYNAMIC_NO_PIC = NO;
				GCC_NO_COMMON_BLOCKS = YES;
				GCC_OPTIMIZATION_LEVEL = 0;
				GCC_PREPROCESSOR_DEFINITIONS = (
					"DEBUG=1",
					"$(inherited)",
				);
				GCC_WARN_64_TO_32_BIT_CONVERSION = YES;
				GCC_WARN_ABOUT_RETURN_TYPE = YES_ERROR;
				GCC_WARN_UNDECLARED_SELECTOR = YES;
				GCC_WARN_UNINITIALIZED_AUTOS = YES_AGGRESSIVE;
				GCC_WARN_UNUSED_FUNCTION = YES;
				GCC_WARN_UNUSED_VARIABLE = YES;
				IPHONEOS_DEPLOYMENT_TARGET = 10.0;
				MTL_ENABLE_DEBUG_INFO = YES;
				ONLY_ACTIVE_ARCH = YES;
				SDKROOT = iphoneos;
				SWIFT_ACTIVE_COMPILATION_CONDITIONS = DEBUG;
				SWIFT_OPTIMIZATION_LEVEL = "-Onone";
				TARGETED_DEVICE_FAMILY = "1,2";
			};
			name = Debug;
		};
		EE325CAE1D4F4B7D00D43077 /* Release */ = {
			isa = XCBuildConfiguration;
			buildSettings = {
				ALWAYS_SEARCH_USER_PATHS = NO;
				CLANG_ANALYZER_NONNULL = YES;
				CLANG_CXX_LANGUAGE_STANDARD = "gnu++0x";
				CLANG_CXX_LIBRARY = "libc++";
				CLANG_ENABLE_MODULES = YES;
				CLANG_ENABLE_OBJC_ARC = YES;
				CLANG_WARN_BOOL_CONVERSION = YES;
				CLANG_WARN_CONSTANT_CONVERSION = YES;
				CLANG_WARN_DIRECT_OBJC_ISA_USAGE = YES_ERROR;
				CLANG_WARN_DOCUMENTATION_COMMENTS = YES;
				CLANG_WARN_EMPTY_BODY = YES;
				CLANG_WARN_ENUM_CONVERSION = YES;
				CLANG_WARN_INT_CONVERSION = YES;
				CLANG_WARN_OBJC_ROOT_CLASS = YES_ERROR;
				CLANG_WARN_UNREACHABLE_CODE = YES;
				CLANG_WARN__DUPLICATE_METHOD_MATCH = YES;
				"CODE_SIGN_IDENTITY[sdk=iphoneos*]" = "iPhone Developer";
				COPY_PHASE_STRIP = NO;
				DEBUG_INFORMATION_FORMAT = "dwarf-with-dsym";
				ENABLE_NS_ASSERTIONS = NO;
				ENABLE_STRICT_OBJC_MSGSEND = YES;
				GCC_C_LANGUAGE_STANDARD = gnu99;
				GCC_NO_COMMON_BLOCKS = YES;
				GCC_WARN_64_TO_32_BIT_CONVERSION = YES;
				GCC_WARN_ABOUT_RETURN_TYPE = YES_ERROR;
				GCC_WARN_UNDECLARED_SELECTOR = YES;
				GCC_WARN_UNINITIALIZED_AUTOS = YES_AGGRESSIVE;
				GCC_WARN_UNUSED_FUNCTION = YES;
				GCC_WARN_UNUSED_VARIABLE = YES;
				IPHONEOS_DEPLOYMENT_TARGET = 10.0;
				MTL_ENABLE_DEBUG_INFO = NO;
				SDKROOT = iphoneos;
				SWIFT_OPTIMIZATION_LEVEL = "-Owholemodule";
				TARGETED_DEVICE_FAMILY = "1,2";
				VALIDATE_PRODUCT = YES;
			};
			name = Release;
		};
		EE325CB01D4F4B7D00D43077 /* Debug */ = {
			isa = XCBuildConfiguration;
			buildSettings = {
				ASSETCATALOG_COMPILER_APPICON_NAME = AppIcon;
				INFOPLIST_FILE = saveTheKittens/Info.plist;
				LD_RUNPATH_SEARCH_PATHS = "$(inherited) @executable_path/Frameworks";
				PRODUCT_BUNDLE_IDENTIFIER = com.prismsolutions.saveTheKittens;
				PRODUCT_NAME = "$(TARGET_NAME)";
				SWIFT_VERSION = 3.0;
			};
			name = Debug;
		};
		EE325CB11D4F4B7D00D43077 /* Release */ = {
			isa = XCBuildConfiguration;
			buildSettings = {
				ASSETCATALOG_COMPILER_APPICON_NAME = AppIcon;
				INFOPLIST_FILE = saveTheKittens/Info.plist;
				LD_RUNPATH_SEARCH_PATHS = "$(inherited) @executable_path/Frameworks";
				PRODUCT_BUNDLE_IDENTIFIER = com.prismsolutions.saveTheKittens;
				PRODUCT_NAME = "$(TARGET_NAME)";
				SWIFT_VERSION = 3.0;
			};
			name = Release;
		};
/* End XCBuildConfiguration section */

/* Begin XCConfigurationList section */
		EE325C981D4F4B7D00D43077 /* Build configuration list for PBXProject "saveTheKittens" */ = {
			isa = XCConfigurationList;
			buildConfigurations = (
				EE325CAD1D4F4B7D00D43077 /* Debug */,
				EE325CAE1D4F4B7D00D43077 /* Release */,
			);
			defaultConfigurationIsVisible = 0;
			defaultConfigurationName = Release;
		};
		EE325CAF1D4F4B7D00D43077 /* Build configuration list for PBXNativeTarget "saveTheKittens" */ = {
			isa = XCConfigurationList;
			buildConfigurations = (
				EE325CB01D4F4B7D00D43077 /* Debug */,
				EE325CB11D4F4B7D00D43077 /* Release */,
			);
			defaultConfigurationIsVisible = 0;
		};
/* End XCConfigurationList section */
	};
	rootObject = EE325C951D4F4B7D00D43077 /* Project object */;
}
